// !$*UTF8*$!
{
	archiveVersion = 1;
	classes = {
	};
	objectVersion = 55;
	objects = {

/* Begin PBXBuildFile section */
		C48B018328746C64001CFAA3 /* asyncImageApp.swift in Sources */ = {isa = PBXBuildFile; fileRef = C48B018228746C64001CFAA3 /* asyncImageApp.swift */; };
		C48B018528746C64001CFAA3 /* ContentView.swift in Sources */ = {isa = PBXBuildFile; fileRef = C48B018428746C64001CFAA3 /* ContentView.swift */; };
		C48B018728746C67001CFAA3 /* Assets.xcassets in Resources */ = {isa = PBXBuildFile; fileRef = C48B018628746C67001CFAA3 /* Assets.xcassets */; };
		C48B018A28746C67001CFAA3 /* Preview Assets.xcassets in Resources */ = {isa = PBXBuildFile; fileRef = C48B018928746C67001CFAA3 /* Preview Assets.xcassets */; };
		C48B018C28746C67001CFAA3 /* Persistence.swift in Sources */ = {isa = PBXBuildFile; fileRef = C48B018B28746C67001CFAA3 /* Persistence.swift */; };
		C48B018F28746C67001CFAA3 /* asyncImage.xcdatamodeld in Sources */ = {isa = PBXBuildFile; fileRef = C48B018D28746C67001CFAA3 /* asyncImage.xcdatamodeld */; };
		C48B019928746C67001CFAA3 /* asyncImageTests.swift in Sources */ = {isa = PBXBuildFile; fileRef = C48B019828746C67001CFAA3 /* asyncImageTests.swift */; };
		C48B01A328746C67001CFAA3 /* asyncImageUITests.swift in Sources */ = {isa = PBXBuildFile; fileRef = C48B01A228746C67001CFAA3 /* asyncImageUITests.swift */; };
		C48B01A528746C67001CFAA3 /* asyncImageUITestsLaunchTests.swift in Sources */ = {isa = PBXBuildFile; fileRef = C48B01A428746C67001CFAA3 /* asyncImageUITestsLaunchTests.swift */; };
/* End PBXBuildFile section */

/* Begin PBXContainerItemProxy section */
		C48B019528746C67001CFAA3 /* PBXContainerItemProxy */ = {
			isa = PBXContainerItemProxy;
			containerPortal = C48B017728746C64001CFAA3 /* Project object */;
			proxyType = 1;
			remoteGlobalIDString = C48B017E28746C64001CFAA3;
			remoteInfo = asyncImage;
		};
		C48B019F28746C67001CFAA3 /* PBXContainerItemProxy */ = {
			isa = PBXContainerItemProxy;
			containerPortal = C48B017728746C64001CFAA3 /* Project object */;
			proxyType = 1;
			remoteGlobalIDString = C48B017E28746C64001CFAA3;
			remoteInfo = asyncImage;
		};
/* End PBXContainerItemProxy section */

/* Begin PBXFileReference section */
		C48B017F28746C64001CFAA3 /* asyncImage.app */ = {isa = PBXFileReference; explicitFileType = wrapper.application; includeInIndex = 0; path = asyncImage.app; sourceTree = BUILT_PRODUCTS_DIR; };
		C48B018228746C64001CFAA3 /* asyncImageApp.swift */ = {isa = PBXFileReference; lastKnownFileType = sourcecode.swift; path = asyncImageApp.swift; sourceTree = "<group>"; };
		C48B018428746C64001CFAA3 /* ContentView.swift */ = {isa = PBXFileReference; lastKnownFileType = sourcecode.swift; path = ContentView.swift; sourceTree = "<group>"; };
		C48B018628746C67001CFAA3 /* Assets.xcassets */ = {isa = PBXFileReference; lastKnownFileType = folder.assetcatalog; path = Assets.xcassets; sourceTree = "<group>"; };
		C48B018928746C67001CFAA3 /* Preview Assets.xcassets */ = {isa = PBXFileReference; lastKnownFileType = folder.assetcatalog; path = "Preview Assets.xcassets"; sourceTree = "<group>"; };
		C48B018B28746C67001CFAA3 /* Persistence.swift */ = {isa = PBXFileReference; lastKnownFileType = sourcecode.swift; path = Persistence.swift; sourceTree = "<group>"; };
		C48B018E28746C67001CFAA3 /* asyncImage.xcdatamodel */ = {isa = PBXFileReference; lastKnownFileType = wrapper.xcdatamodel; path = asyncImage.xcdatamodel; sourceTree = "<group>"; };
		C48B019428746C67001CFAA3 /* asyncImageTests.xctest */ = {isa = PBXFileReference; explicitFileType = wrapper.cfbundle; includeInIndex = 0; path = asyncImageTests.xctest; sourceTree = BUILT_PRODUCTS_DIR; };
		C48B019828746C67001CFAA3 /* asyncImageTests.swift */ = {isa = PBXFileReference; lastKnownFileType = sourcecode.swift; path = asyncImageTests.swift; sourceTree = "<group>"; };
		C48B019E28746C67001CFAA3 /* asyncImageUITests.xctest */ = {isa = PBXFileReference; explicitFileType = wrapper.cfbundle; includeInIndex = 0; path = asyncImageUITests.xctest; sourceTree = BUILT_PRODUCTS_DIR; };
		C48B01A228746C67001CFAA3 /* asyncImageUITests.swift */ = {isa = PBXFileReference; lastKnownFileType = sourcecode.swift; path = asyncImageUITests.swift; sourceTree = "<group>"; };
		C48B01A428746C67001CFAA3 /* asyncImageUITestsLaunchTests.swift */ = {isa = PBXFileReference; lastKnownFileType = sourcecode.swift; path = asyncImageUITestsLaunchTests.swift; sourceTree = "<group>"; };
/* End PBXFileReference section */

/* Begin PBXFrameworksBuildPhase section */
		C48B017C28746C64001CFAA3 /* Frameworks */ = {
			isa = PBXFrameworksBuildPhase;
			buildActionMask = 2147483647;
			files = (
			);
			runOnlyForDeploymentPostprocessing = 0;
		};
		C48B019128746C67001CFAA3 /* Frameworks */ = {
			isa = PBXFrameworksBuildPhase;
			buildActionMask = 2147483647;
			files = (
			);
			runOnlyForDeploymentPostprocessing = 0;
		};
		C48B019B28746C67001CFAA3 /* Frameworks */ = {
			isa = PBXFrameworksBuildPhase;
			buildActionMask = 2147483647;
			files = (
			);
			runOnlyForDeploymentPostprocessing = 0;
		};
/* End PBXFrameworksBuildPhase section */

/* Begin PBXGroup section */
		C48B017628746C64001CFAA3 = {
			isa = PBXGroup;
			children = (
				C48B018128746C64001CFAA3 /* asyncImage */,
				C48B019728746C67001CFAA3 /* asyncImageTests */,
				C48B01A128746C67001CFAA3 /* asyncImageUITests */,
				C48B018028746C64001CFAA3 /* Products */,
			);
			sourceTree = "<group>";
		};
		C48B018028746C64001CFAA3 /* Products */ = {
			isa = PBXGroup;
			children = (
				C48B017F28746C64001CFAA3 /* asyncImage.app */,
				C48B019428746C67001CFAA3 /* asyncImageTests.xctest */,
				C48B019E28746C67001CFAA3 /* asyncImageUITests.xctest */,
			);
			name = Products;
			sourceTree = "<group>";
		};
		C48B018128746C64001CFAA3 /* asyncImage */ = {
			isa = PBXGroup;
			children = (
				C48B018228746C64001CFAA3 /* asyncImageApp.swift */,
				C48B018428746C64001CFAA3 /* ContentView.swift */,
				C48B018628746C67001CFAA3 /* Assets.xcassets */,
				C48B018B28746C67001CFAA3 /* Persistence.swift */,
				C48B018D28746C67001CFAA3 /* asyncImage.xcdatamodeld */,
				C48B018828746C67001CFAA3 /* Preview Content */,
			);
			path = asyncImage;
			sourceTree = "<group>";
		};
		C48B018828746C67001CFAA3 /* Preview Content */ = {
			isa = PBXGroup;
			children = (
				C48B018928746C67001CFAA3 /* Preview Assets.xcassets */,
			);
			path = "Preview Content";
			sourceTree = "<group>";
		};
		C48B019728746C67001CFAA3 /* asyncImageTests */ = {
			isa = PBXGroup;
			children = (
				C48B019828746C67001CFAA3 /* asyncImageTests.swift */,
			);
			path = asyncImageTests;
			sourceTree = "<group>";
		};
		C48B01A128746C67001CFAA3 /* asyncImageUITests */ = {
			isa = PBXGroup;
			children = (
				C48B01A228746C67001CFAA3 /* asyncImageUITests.swift */,
				C48B01A428746C67001CFAA3 /* asyncImageUITestsLaunchTests.swift */,
			);
			path = asyncImageUITests;
			sourceTree = "<group>";
		};
/* End PBXGroup section */

/* Begin PBXNativeTarget section */
		C48B017E28746C64001CFAA3 /* asyncImage */ = {
			isa = PBXNativeTarget;
			buildConfigurationList = C48B01A828746C67001CFAA3 /* Build configuration list for PBXNativeTarget "asyncImage" */;
			buildPhases = (
				C48B017B28746C64001CFAA3 /* Sources */,
				C48B017C28746C64001CFAA3 /* Frameworks */,
				C48B017D28746C64001CFAA3 /* Resources */,
			);
			buildRules = (
			);
			dependencies = (
			);
			name = asyncImage;
			productName = asyncImage;
			productReference = C48B017F28746C64001CFAA3 /* asyncImage.app */;
			productType = "com.apple.product-type.application";
		};
		C48B019328746C67001CFAA3 /* asyncImageTests */ = {
			isa = PBXNativeTarget;
			buildConfigurationList = C48B01AB28746C67001CFAA3 /* Build configuration list for PBXNativeTarget "asyncImageTests" */;
			buildPhases = (
				C48B019028746C67001CFAA3 /* Sources */,
				C48B019128746C67001CFAA3 /* Frameworks */,
				C48B019228746C67001CFAA3 /* Resources */,
			);
			buildRules = (
			);
			dependencies = (
				C48B019628746C67001CFAA3 /* PBXTargetDependency */,
			);
			name = asyncImageTests;
			productName = asyncImageTests;
			productReference = C48B019428746C67001CFAA3 /* asyncImageTests.xctest */;
			productType = "com.apple.product-type.bundle.unit-test";
		};
		C48B019D28746C67001CFAA3 /* asyncImageUITests */ = {
			isa = PBXNativeTarget;
			buildConfigurationList = C48B01AE28746C67001CFAA3 /* Build configuration list for PBXNativeTarget "asyncImageUITests" */;
			buildPhases = (
				C48B019A28746C67001CFAA3 /* Sources */,
				C48B019B28746C67001CFAA3 /* Frameworks */,
				C48B019C28746C67001CFAA3 /* Resources */,
			);
			buildRules = (
			);
			dependencies = (
				C48B01A028746C67001CFAA3 /* PBXTargetDependency */,
			);
			name = asyncImageUITests;
			productName = asyncImageUITests;
			productReference = C48B019E28746C67001CFAA3 /* asyncImageUITests.xctest */;
			productType = "com.apple.product-type.bundle.ui-testing";
		};
/* End PBXNativeTarget section */

/* Begin PBXProject section */
		C48B017728746C64001CFAA3 /* Project object */ = {
			isa = PBXProject;
			attributes = {
				BuildIndependentTargetsInParallel = 1;
				LastSwiftUpdateCheck = 1340;
				LastUpgradeCheck = 1340;
				TargetAttributes = {
					C48B017E28746C64001CFAA3 = {
						CreatedOnToolsVersion = 13.4.1;
					};
					C48B019328746C67001CFAA3 = {
						CreatedOnToolsVersion = 13.4.1;
						TestTargetID = C48B017E28746C64001CFAA3;
					};
					C48B019D28746C67001CFAA3 = {
						CreatedOnToolsVersion = 13.4.1;
						TestTargetID = C48B017E28746C64001CFAA3;
					};
				};
			};
			buildConfigurationList = C48B017A28746C64001CFAA3 /* Build configuration list for PBXProject "asyncImage" */;
			compatibilityVersion = "Xcode 13.0";
			developmentRegion = en;
			hasScannedForEncodings = 0;
			knownRegions = (
				en,
				Base,
			);
			mainGroup = C48B017628746C64001CFAA3;
			productRefGroup = C48B018028746C64001CFAA3 /* Products */;
			projectDirPath = "";
			projectRoot = "";
			targets = (
				C48B017E28746C64001CFAA3 /* asyncImage */,
				C48B019328746C67001CFAA3 /* asyncImageTests */,
				C48B019D28746C67001CFAA3 /* asyncImageUITests */,
			);
		};
/* End PBXProject section */

/* Begin PBXResourcesBuildPhase section */
		C48B017D28746C64001CFAA3 /* Resources */ = {
			isa = PBXResourcesBuildPhase;
			buildActionMask = 2147483647;
			files = (
				C48B018A28746C67001CFAA3 /* Preview Assets.xcassets in Resources */,
				C48B018728746C67001CFAA3 /* Assets.xcassets in Resources */,
			);
			runOnlyForDeploymentPostprocessing = 0;
		};
		C48B019228746C67001CFAA3 /* Resources */ = {
			isa = PBXResourcesBuildPhase;
			buildActionMask = 2147483647;
			files = (
			);
			runOnlyForDeploymentPostprocessing = 0;
		};
		C48B019C28746C67001CFAA3 /* Resources */ = {
			isa = PBXResourcesBuildPhase;
			buildActionMask = 2147483647;
			files = (
			);
			runOnlyForDeploymentPostprocessing = 0;
		};
/* End PBXResourcesBuildPhase section */

/* Begin PBXSourcesBuildPhase section */
		C48B017B28746C64001CFAA3 /* Sources */ = {
			isa = PBXSourcesBuildPhase;
			buildActionMask = 2147483647;
			files = (
				C48B018F28746C67001CFAA3 /* asyncImage.xcdatamodeld in Sources */,
				C48B018C28746C67001CFAA3 /* Persistence.swift in Sources */,
				C48B018528746C64001CFAA3 /* ContentView.swift in Sources */,
				C48B018328746C64001CFAA3 /* asyncImageApp.swift in Sources */,
			);
			runOnlyForDeploymentPostprocessing = 0;
		};
		C48B019028746C67001CFAA3 /* Sources */ = {
			isa = PBXSourcesBuildPhase;
			buildActionMask = 2147483647;
			files = (
				C48B019928746C67001CFAA3 /* asyncImageTests.swift in Sources */,
			);
			runOnlyForDeploymentPostprocessing = 0;
		};
		C48B019A28746C67001CFAA3 /* Sources */ = {
			isa = PBXSourcesBuildPhase;
			buildActionMask = 2147483647;
			files = (
				C48B01A328746C67001CFAA3 /* asyncImageUITests.swift in Sources */,
				C48B01A528746C67001CFAA3 /* asyncImageUITestsLaunchTests.swift in Sources */,
			);
			runOnlyForDeploymentPostprocessing = 0;
		};
/* End PBXSourcesBuildPhase section */

/* Begin PBXTargetDependency section */
		C48B019628746C67001CFAA3 /* PBXTargetDependency */ = {
			isa = PBXTargetDependency;
			target = C48B017E28746C64001CFAA3 /* asyncImage */;
			targetProxy = C48B019528746C67001CFAA3 /* PBXContainerItemProxy */;
		};
		C48B01A028746C67001CFAA3 /* PBXTargetDependency */ = {
			isa = PBXTargetDependency;
			target = C48B017E28746C64001CFAA3 /* asyncImage */;
			targetProxy = C48B019F28746C67001CFAA3 /* PBXContainerItemProxy */;
		};
/* End PBXTargetDependency section */

/* Begin XCBuildConfiguration section */
		C48B01A628746C67001CFAA3 /* Debug */ = {
			isa = XCBuildConfiguration;
			buildSettings = {
				ALWAYS_SEARCH_USER_PATHS = NO;
				CLANG_ANALYZER_NONNULL = YES;
				CLANG_ANALYZER_NUMBER_OBJECT_CONVERSION = YES_AGGRESSIVE;
				CLANG_CXX_LANGUAGE_STANDARD = "gnu++17";
				CLANG_ENABLE_MODULES = YES;
				CLANG_ENABLE_OBJC_ARC = YES;
				CLANG_ENABLE_OBJC_WEAK = YES;
				CLANG_WARN_BLOCK_CAPTURE_AUTORELEASING = YES;
				CLANG_WARN_BOOL_CONVERSION = YES;
				CLANG_WARN_COMMA = YES;
				CLANG_WARN_CONSTANT_CONVERSION = YES;
				CLANG_WARN_DEPRECATED_OBJC_IMPLEMENTATIONS = YES;
				CLANG_WARN_DIRECT_OBJC_ISA_USAGE = YES_ERROR;
				CLANG_WARN_DOCUMENTATION_COMMENTS = YES;
				CLANG_WARN_EMPTY_BODY = YES;
				CLANG_WARN_ENUM_CONVERSION = YES;
				CLANG_WARN_INFINITE_RECURSION = YES;
				CLANG_WARN_INT_CONVERSION = YES;
				CLANG_WARN_NON_LITERAL_NULL_CONVERSION = YES;
				CLANG_WARN_OBJC_IMPLICIT_RETAIN_SELF = YES;
				CLANG_WARN_OBJC_LITERAL_CONVERSION = YES;
				CLANG_WARN_OBJC_ROOT_CLASS = YES_ERROR;
				CLANG_WARN_QUOTED_INCLUDE_IN_FRAMEWORK_HEADER = YES;
				CLANG_WARN_RANGE_LOOP_ANALYSIS = YES;
				CLANG_WARN_STRICT_PROTOTYPES = YES;
				CLANG_WARN_SUSPICIOUS_MOVE = YES;
				CLANG_WARN_UNGUARDED_AVAILABILITY = YES_AGGRESSIVE;
				CLANG_WARN_UNREACHABLE_CODE = YES;
				CLANG_WARN__DUPLICATE_METHOD_MATCH = YES;
				COPY_PHASE_STRIP = NO;
				DEBUG_INFORMATION_FORMAT = dwarf;
				ENABLE_STRICT_OBJC_MSGSEND = YES;
				ENABLE_TESTABILITY = YES;
				GCC_C_LANGUAGE_STANDARD = gnu11;
				GCC_DYNAMIC_NO_PIC = NO;
				GCC_NO_COMMON_BLOCKS = YES;
				GCC_OPTIMIZATION_LEVEL = 0;
				GCC_PREPROCESSOR_DEFINITIONS = (
					"DEBUG=1",
					"$(inherited)",
				);
				GCC_WARN_64_TO_32_BIT_CONVERSION = YES;
				GCC_WARN_ABOUT_RETURN_TYPE = YES_ERROR;
				GCC_WARN_UNDECLARED_SELECTOR = YES;
				GCC_WARN_UNINITIALIZED_AUTOS = YES_AGGRESSIVE;
				GCC_WARN_UNUSED_FUNCTION = YES;
				GCC_WARN_UNUSED_VARIABLE = YES;
				IPHONEOS_DEPLOYMENT_TARGET = 15.5;
				MTL_ENABLE_DEBUG_INFO = INCLUDE_SOURCE;
				MTL_FAST_MATH = YES;
				ONLY_ACTIVE_ARCH = YES;
				SDKROOT = iphoneos;
				SWIFT_ACTIVE_COMPILATION_CONDITIONS = DEBUG;
				SWIFT_OPTIMIZATION_LEVEL = "-Onone";
			};
			name = Debug;
		};
		C48B01A728746C67001CFAA3 /* Release */ = {
			isa = XCBuildConfiguration;
			buildSettings = {
				ALWAYS_SEARCH_USER_PATHS = NO;
				CLANG_ANALYZER_NONNULL = YES;
				CLANG_ANALYZER_NUMBER_OBJECT_CONVERSION = YES_AGGRESSIVE;
				CLANG_CXX_LANGUAGE_STANDARD = "gnu++17";
				CLANG_ENABLE_MODULES = YES;
				CLANG_ENABLE_OBJC_ARC = YES;
				CLANG_ENABLE_OBJC_WEAK = YES;
				CLANG_WARN_BLOCK_CAPTURE_AUTORELEASING = YES;
				CLANG_WARN_BOOL_CONVERSION = YES;
				CLANG_WARN_COMMA = YES;
				CLANG_WARN_CONSTANT_CONVERSION = YES;
				CLANG_WARN_DEPRECATED_OBJC_IMPLEMENTATIONS = YES;
				CLANG_WARN_DIRECT_OBJC_ISA_USAGE = YES_ERROR;
				CLANG_WARN_DOCUMENTATION_COMMENTS = YES;
				CLANG_WARN_EMPTY_BODY = YES;
				CLANG_WARN_ENUM_CONVERSION = YES;
				CLANG_WARN_INFINITE_RECURSION = YES;
				CLANG_WARN_INT_CONVERSION = YES;
				CLANG_WARN_NON_LITERAL_NULL_CONVERSION = YES;
				CLANG_WARN_OBJC_IMPLICIT_RETAIN_SELF = YES;
				CLANG_WARN_OBJC_LITERAL_CONVERSION = YES;
				CLANG_WARN_OBJC_ROOT_CLASS = YES_ERROR;
				CLANG_WARN_QUOTED_INCLUDE_IN_FRAMEWORK_HEADER = YES;
				CLANG_WARN_RANGE_LOOP_ANALYSIS = YES;
				CLANG_WARN_STRICT_PROTOTYPES = YES;
				CLANG_WARN_SUSPICIOUS_MOVE = YES;
				CLANG_WARN_UNGUARDED_AVAILABILITY = YES_AGGRESSIVE;
				CLANG_WARN_UNREACHABLE_CODE = YES;
				CLANG_WARN__DUPLICATE_METHOD_MATCH = YES;
				COPY_PHASE_STRIP = NO;
				DEBUG_INFORMATION_FORMAT = "dwarf-with-dsym";
				ENABLE_NS_ASSERTIONS = NO;
				ENABLE_STRICT_OBJC_MSGSEND = YES;
				GCC_C_LANGUAGE_STANDARD = gnu11;
				GCC_NO_COMMON_BLOCKS = YES;
				GCC_WARN_64_TO_32_BIT_CONVERSION = YES;
				GCC_WARN_ABOUT_RETURN_TYPE = YES_ERROR;
				GCC_WARN_UNDECLARED_SELECTOR = YES;
				GCC_WARN_UNINITIALIZED_AUTOS = YES_AGGRESSIVE;
				GCC_WARN_UNUSED_FUNCTION = YES;
				GCC_WARN_UNUSED_VARIABLE = YES;
				IPHONEOS_DEPLOYMENT_TARGET = 15.5;
				MTL_ENABLE_DEBUG_INFO = NO;
				MTL_FAST_MATH = YES;
				SDKROOT = iphoneos;
				SWIFT_COMPILATION_MODE = wholemodule;
				SWIFT_OPTIMIZATION_LEVEL = "-O";
				VALIDATE_PRODUCT = YES;
			};
			name = Release;
		};
		C48B01A928746C67001CFAA3 /* Debug */ = {
			isa = XCBuildConfiguration;
			buildSettings = {
				ASSETCATALOG_COMPILER_APPICON_NAME = AppIcon;
				ASSETCATALOG_COMPILER_GLOBAL_ACCENT_COLOR_NAME = AccentColor;
				CODE_SIGN_STYLE = Automatic;
				CURRENT_PROJECT_VERSION = 1;
				DEVELOPMENT_ASSET_PATHS = "\"asyncImage/Preview Content\"";
				DEVELOPMENT_TEAM = DU88KW67TH;
				ENABLE_PREVIEWS = YES;
				GENERATE_INFOPLIST_FILE = YES;
				INFOPLIST_KEY_UIApplicationSceneManifest_Generation = YES;
				INFOPLIST_KEY_UIApplicationSupportsIndirectInputEvents = YES;
				INFOPLIST_KEY_UILaunchScreen_Generation = YES;
				INFOPLIST_KEY_UISupportedInterfaceOrientations_iPad = "UIInterfaceOrientationPortrait UIInterfaceOrientationPortraitUpsideDown UIInterfaceOrientationLandscapeLeft UIInterfaceOrientationLandscapeRight";
				INFOPLIST_KEY_UISupportedInterfaceOrientations_iPhone = "UIInterfaceOrientationPortrait UIInterfaceOrientationLandscapeLeft UIInterfaceOrientationLandscapeRight";
				LD_RUNPATH_SEARCH_PATHS = (
					"$(inherited)",
					"@executable_path/Frameworks",
				);
				MARKETING_VERSION = 1.0;
				PRODUCT_BUNDLE_IDENTIFIER = com.choikihun.asyncImage;
				PRODUCT_NAME = "$(TARGET_NAME)";
				SWIFT_EMIT_LOC_STRINGS = YES;
				SWIFT_VERSION = 5.0;
				TARGETED_DEVICE_FAMILY = "1,2";
			};
			name = Debug;
		};
		C48B01AA28746C67001CFAA3 /* Release */ = {
			isa = XCBuildConfiguration;
			buildSettings = {
				ASSETCATALOG_COMPILER_APPICON_NAME = AppIcon;
				ASSETCATALOG_COMPILER_GLOBAL_ACCENT_COLOR_NAME = AccentColor;
				CODE_SIGN_STYLE = Automatic;
				CURRENT_PROJECT_VERSION = 1;
				DEVELOPMENT_ASSET_PATHS = "\"asyncImage/Preview Content\"";
				DEVELOPMENT_TEAM = DU88KW67TH;
				ENABLE_PREVIEWS = YES;
				GENERATE_INFOPLIST_FILE = YES;
				INFOPLIST_KEY_UIApplicationSceneManifest_Generation = YES;
				INFOPLIST_KEY_UIApplicationSupportsIndirectInputEvents = YES;
				INFOPLIST_KEY_UILaunchScreen_Generation = YES;
				INFOPLIST_KEY_UISupportedInterfaceOrientations_iPad = "UIInterfaceOrientationPortrait UIInterfaceOrientationPortraitUpsideDown UIInterfaceOrientationLandscapeLeft UIInterfaceOrientationLandscapeRight";
				INFOPLIST_KEY_UISupportedInterfaceOrientations_iPhone = "UIInterfaceOrientationPortrait UIInterfaceOrientationLandscapeLeft UIInterfaceOrientationLandscapeRight";
				LD_RUNPATH_SEARCH_PATHS = (
					"$(inherited)",
					"@executable_path/Frameworks",
				);
				MARKETING_VERSION = 1.0;
				PRODUCT_BUNDLE_IDENTIFIER = com.choikihun.asyncImage;
				PRODUCT_NAME = "$(TARGET_NAME)";
				SWIFT_EMIT_LOC_STRINGS = YES;
				SWIFT_VERSION = 5.0;
				TARGETED_DEVICE_FAMILY = "1,2";
			};
			name = Release;
		};
		C48B01AC28746C67001CFAA3 /* Debug */ = {
			isa = XCBuildConfiguration;
			buildSettings = {
				ALWAYS_EMBED_SWIFT_STANDARD_LIBRARIES = YES;
				BUNDLE_LOADER = "$(TEST_HOST)";
				CODE_SIGN_STYLE = Automatic;
				CURRENT_PROJECT_VERSION = 1;
				DEVELOPMENT_TEAM = DU88KW67TH;
				GENERATE_INFOPLIST_FILE = YES;
				IPHONEOS_DEPLOYMENT_TARGET = 15.5;
				MARKETING_VERSION = 1.0;
				PRODUCT_BUNDLE_IDENTIFIER = com.choikihun.asyncImageTests;
				PRODUCT_NAME = "$(TARGET_NAME)";
				SWIFT_EMIT_LOC_STRINGS = NO;
				SWIFT_VERSION = 5.0;
				TARGETED_DEVICE_FAMILY = "1,2";
				TEST_HOST = "$(BUILT_PRODUCTS_DIR)/asyncImage.app/asyncImage";
			};
			name = Debug;
		};
		C48B01AD28746C67001CFAA3 /* Release */ = {
			isa = XCBuildConfiguration;
			buildSettings = {
				ALWAYS_EMBED_SWIFT_STANDARD_LIBRARIES = YES;
				BUNDLE_LOADER = "$(TEST_HOST)";
				CODE_SIGN_STYLE = Automatic;
				CURRENT_PROJECT_VERSION = 1;
				DEVELOPMENT_TEAM = DU88KW67TH;
				GENERATE_INFOPLIST_FILE = YES;
				IPHONEOS_DEPLOYMENT_TARGET = 15.5;
				MARKETING_VERSION = 1.0;
				PRODUCT_BUNDLE_IDENTIFIER = com.choikihun.asyncImageTests;
				PRODUCT_NAME = "$(TARGET_NAME)";
				SWIFT_EMIT_LOC_STRINGS = NO;
				SWIFT_VERSION = 5.0;
				TARGETED_DEVICE_FAMILY = "1,2";
				TEST_HOST = "$(BUILT_PRODUCTS_DIR)/asyncImage.app/asyncImage";
			};
			name = Release;
		};
		C48B01AF28746C67001CFAA3 /* Debug */ = {
			isa = XCBuildConfiguration;
			buildSettings = {
				ALWAYS_EMBED_SWIFT_STANDARD_LIBRARIES = YES;
				CODE_SIGN_STYLE = Automatic;
				CURRENT_PROJECT_VERSION = 1;
				DEVELOPMENT_TEAM = DU88KW67TH;
				GENERATE_INFOPLIST_FILE = YES;
				MARKETING_VERSION = 1.0;
				PRODUCT_BUNDLE_IDENTIFIER = com.choikihun.asyncImageUITests;
				PRODUCT_NAME = "$(TARGET_NAME)";
				SWIFT_EMIT_LOC_STRINGS = NO;
				SWIFT_VERSION = 5.0;
				TARGETED_DEVICE_FAMILY = "1,2";
				TEST_TARGET_NAME = asyncImage;
			};
			name = Debug;
		};
		C48B01B028746C67001CFAA3 /* Release */ = {
			isa = XCBuildConfiguration;
			buildSettings = {
				ALWAYS_EMBED_SWIFT_STANDARD_LIBRARIES = YES;
				CODE_SIGN_STYLE = Automatic;
				CURRENT_PROJECT_VERSION = 1;
				DEVELOPMENT_TEAM = DU88KW67TH;
				GENERATE_INFOPLIST_FILE = YES;
				MARKETING_VERSION = 1.0;
				PRODUCT_BUNDLE_IDENTIFIER = com.choikihun.asyncImageUITests;
				PRODUCT_NAME = "$(TARGET_NAME)";
				SWIFT_EMIT_LOC_STRINGS = NO;
				SWIFT_VERSION = 5.0;
				TARGETED_DEVICE_FAMILY = "1,2";
				TEST_TARGET_NAME = asyncImage;
			};
			name = Release;
		};
/* End XCBuildConfiguration section */

/* Begin XCConfigurationList section */
		C48B017A28746C64001CFAA3 /* Build configuration list for PBXProject "asyncImage" */ = {
			isa = XCConfigurationList;
			buildConfigurations = (
				C48B01A628746C67001CFAA3 /* Debug */,
				C48B01A728746C67001CFAA3 /* Release */,
			);
			defaultConfigurationIsVisible = 0;
			defaultConfigurationName = Release;
		};
		C48B01A828746C67001CFAA3 /* Build configuration list for PBXNativeTarget "asyncImage" */ = {
			isa = XCConfigurationList;
			buildConfigurations = (
				C48B01A928746C67001CFAA3 /* Debug */,
				C48B01AA28746C67001CFAA3 /* Release */,
			);
			defaultConfigurationIsVisible = 0;
			defaultConfigurationName = Release;
		};
		C48B01AB28746C67001CFAA3 /* Build configuration list for PBXNativeTarget "asyncImageTests" */ = {
			isa = XCConfigurationList;
			buildConfigurations = (
				C48B01AC28746C67001CFAA3 /* Debug */,
				C48B01AD28746C67001CFAA3 /* Release */,
			);
			defaultConfigurationIsVisible = 0;
			defaultConfigurationName = Release;
		};
		C48B01AE28746C67001CFAA3 /* Build configuration list for PBXNativeTarget "asyncImageUITests" */ = {
			isa = XCConfigurationList;
			buildConfigurations = (
				C48B01AF28746C67001CFAA3 /* Debug */,
				C48B01B028746C67001CFAA3 /* Release */,
			);
			defaultConfigurationIsVisible = 0;
			defaultConfigurationName = Release;
		};
/* End XCConfigurationList section */

/* Begin XCVersionGroup section */
		C48B018D28746C67001CFAA3 /* asyncImage.xcdatamodeld */ = {
			isa = XCVersionGroup;
			children = (
				C48B018E28746C67001CFAA3 /* asyncImage.xcdatamodel */,
			);
			currentVersion = C48B018E28746C67001CFAA3 /* asyncImage.xcdatamodel */;
			path = asyncImage.xcdatamodeld;
			sourceTree = "<group>";
			versionGroupType = wrapper.xcdatamodel;
		};
/* End XCVersionGroup section */
	};
	rootObject = C48B017728746C64001CFAA3 /* Project object */;
}
